
Microsoft Visual Studio Solution File, Format Version 12.00
# Visual Studio Version 17
VisualStudioVersion = 17.8.34322.80
MinimumVisualStudioVersion = 10.0.40219.1
Project("{FAE04EC0-301F-11D3-BF4B-00C04F79EFBC}") = "PrishuSoftTask", "PrishuSoftTask\PrishuSoftTask.csproj", "{18D0A745-1954-4CB7-9C4E-375E7C490C6A}"
EndProject
Global
	GlobalSection(SolutionConfigurationPlatforms) = preSolution
		Debug|Any CPU = Debug|Any CPU
		Release|Any CPU = Release|Any CPU
	EndGlobalSection
	GlobalSection(ProjectConfigurationPlatforms) = postSolution
		{18D0A745-1954-4CB7-9C4E-375E7C490C6A}.Debug|Any CPU.ActiveCfg = Debug|Any CPU
		{18D0A745-1954-4CB7-9C4E-375E7C490C6A}.Debug|Any CPU.Build.0 = Debug|Any CPU
		{18D0A745-1954-4CB7-9C4E-375E7C490C6A}.Release|Any CPU.ActiveCfg = Release|Any CPU
		{18D0A745-1954-4CB7-9C4E-375E7C490C6A}.Release|Any CPU.Build.0 = Release|Any CPU
	EndGlobalSection
	GlobalSection(SolutionProperties) = preSolution
		HideSolutionNode = FALSE
	EndGlobalSection
	GlobalSection(ExtensibilityGlobals) = postSolution
		SolutionGuid = {D67B8A1D-7ED7-47EE-96FB-69DA62DFE298}
	EndGlobalSection
EndGlobal
